{
  "name": "@ogre-tools/injectable-react",
  "version": "3.2.0",
  "lockfileVersion": 1,
  "requires": true,
  "dependencies": {
    "@ogre-tools/fp": {
      "version": "3.0.0",
      "resolved": "https://registry.npmjs.org/@ogre-tools/fp/-/fp-3.0.0.tgz",
      "integrity": "sha512-fZdeMY7Jj690V/RnJ2Lc3hnEGATJ1rp1R4pb1k0tiQgDC4Q9Neekv76z4HereOTG1SjpdF6tJTIaff/vJ/vYqA==",
      "requires": {
        "lodash": "^4.17.21"
      }
    },
    "@ogre-tools/injectable": {
      "version": "3.2.0",
      "resolved": "https://registry.npmjs.org/@ogre-tools/injectable/-/injectable-3.2.0.tgz",
      "integrity": "sha512-aRlRdvLefJMBvFu1tRlTGNgpMbqE250lwMXT8Y6/ruC88rCL+TygCWcsJELad1OgqX1cfHkCgCYeQeohV+G3Zg==",
      "requires": {
        "@ogre-tools/fp": "^3.0.0",
        "lodash": "^4.17.21"
      }
    },
    "lodash": {
      "version": "4.17.21",
      "resolved": "https://registry.npmjs.org/lodash/-/lodash-4.17.21.tgz",
      "integrity": "sha512-v2kDEe57lecTulaDIuNTPy3Ry4gLGJ6Z1O3vE1krgXZNrsQ+LFTGHVxVjcXPs17LhbZVGedAJv8XZ1tvj5FvSg=="
    }
  }
}
